<?xml version="1.0" encoding="utf-8"?>
<Project ToolsVersion="4.0" xmlns="http://schemas.microsoft.com/developer/msbuild/2003">
  <ItemGroup>
    <Filter Include="Source Files">
      <UniqueIdentifier>{4FC737F1-C7A5-4376-A066-2A32D752A2FF}</UniqueIdentifier>
      <Extensions>cpp;c;cc;cxx;c++;cppm;ixx;def;odl;idl;hpj;bat;asm;asmx</Extensions>
    </Filter>
    <Filter Include="Header Files">
      <UniqueIdentifier>{93995380-89BD-4b04-88EB-625FBE52EBFB}</UniqueIdentifier>
      <Extensions>h;hh;hpp;hxx;h++;hm;inl;inc;ipp;xsd</Extensions>
    </Filter>
    <Filter Include="Resource Files">
      <UniqueIdentifier>{67DA6AB6-F800-4c08-8B7A-83BB121AAD01}</UniqueIdentifier>
      <Extensions>rc;ico;cur;bmp;dlg;rc2;rct;bin;rgs;gif;jpg;jpeg;jpe;resx;tiff;tif;png;wav;mfcribbon-ms</Extensions>
    </Filter>
  </ItemGroup>
  <ItemGroup>
    <ClInclude Include="include\framework.h">
      <Filter>Header Files</Filter>
    </ClInclude>
    <ClInclude Include="targetver.h">
      <Filter>Header Files</Filter>
    </ClInclude>
    <ClInclude Include="include\tiny_rcon.h">
      <Filter>Header Files</Filter>
    </ClInclude>
    <ClInclude Include="include\detail\stl_helper_functions_impl.hpp">
      <Filter>Header Files</Filter>
    </ClInclude>
    <ClInclude Include="include\json_parser.hpp">
      <Filter>Header Files</Filter>
    </ClInclude>
    <ClInclude Include="include\stl_helper_functions.hpp">
      <Filter>Header Files</Filter>
    </ClInclude>
    <ClInclude Include="include\tiny_rcon_client_application.h">
      <Filter>Header Files</Filter>
    </ClInclude>
    <ClInclude Include="include\tiny_rcon_utility_functions.h">
      <Filter>Header Files</Filter>
    </ClInclude>
    <ClInclude Include="include\game_server.h">
      <Filter>Header Files</Filter>
    </ClInclude>
    <ClInclude Include="include\connection_manager.h">
      <Filter>Header Files</Filter>
    </ClInclude>
    <ClInclude Include="include\simple_grid.h">
      <Filter>Header Files</Filter>
    </ClInclude>
    <ClInclude Include="include\resource.h">
      <Filter>Header Files</Filter>
    </ClInclude>
    <ClInclude Include="resource.h">
      <Filter>Header Files</Filter>
    </ClInclude>
    <ClInclude Include="include\autoupdate.h">
      <Filter>Header Files</Filter>
    </ClInclude>
    <ClInclude Include="include\internet_handle.h">
      <Filter>Header Files</Filter>
    </ClInclude>
    <ClInclude Include="include\md5.h">
      <Filter>Header Files</Filter>
    </ClInclude>
    <ClInclude Include="include\tiny_rcon_client_user.h">
      <Filter>Header Files</Filter>
    </ClInclude>
    <ClInclude Include="include\player.h">
      <Filter>Header Files</Filter>
    </ClInclude>
    <ClInclude Include="include\stack_trace_element.h">
      <Filter>Header Files</Filter>
    </ClInclude>
    <ClInclude Include="include\tiny_rcon_utility_data_types.h">
      <Filter>Header Files</Filter>
    </ClInclude>
    <ClInclude Include="include\ImageEx.h">
      <Filter>Header Files</Filter>
    </ClInclude>
  </ItemGroup>
  <ItemGroup>
    <ClCompile Include="src\tiny_rcon_client.cpp">
      <Filter>Source Files</Filter>
    </ClCompile>
    <ClCompile Include="src\tiny_rcon_utility_functions.cpp">
      <Filter>Source Files</Filter>
    </ClCompile>
    <ClCompile Include="src\connection_manager.cpp">
      <Filter>Source Files</Filter>
    </ClCompile>
    <ClCompile Include="src\simple_grid.cpp">
      <Filter>Source Files</Filter>
    </ClCompile>
    <ClCompile Include="src\autoupdate.cpp">
      <Filter>Source Files</Filter>
    </ClCompile>
    <ClCompile Include="src\md5.cpp">
      <Filter>Source Files</Filter>
    </ClCompile>
    <ClCompile Include="src\connection_manager_for_messages.cpp">
      <Filter>Source Files</Filter>
    </ClCompile>
    <ClCompile Include="include\connection_manager_for_messages.h">
      <Filter>Header Files</Filter>
    </ClCompile>
    <ClCompile Include="src\ImageEx.cpp">
      <Filter>Source Files</Filter>
    </ClCompile>
  </ItemGroup>
  <ItemGroup>
    <ResourceCompile Include="TinyRconClient.rc">
      <Filter>Resource Files</Filter>
    </ResourceCompile>
  </ItemGroup>
  <ItemGroup>
    <None Include=".clang-format" />
    <None Include=".clang-tidy" />
    <None Include=".cmake-format.yaml" />
  </ItemGroup>
  <ItemGroup>
    <Text Include="CMakeLists.txt" />
  </ItemGroup>
  <ItemGroup>
    <Image Include="data\icons\TinyRcon.ico">
      <Filter>Resource Files</Filter>
    </Image>
    <Image Include="data\icons\big_codicon.ico">
      <Filter>Resource Files</Filter>
    </Image>
    <Image Include="data\icons\small.ico">
      <Filter>Resource Files</Filter>
    </Image>
    <Image Include="data\images\flags\xy.bmp">
      <Filter>Resource Files</Filter>
    </Image>
    <Image Include="data\images\flags\ad.bmp">
      <Filter>Resource Files</Filter>
    </Image>
    <Image Include="data\images\flags\ae.bmp">
      <Filter>Resource Files</Filter>
    </Image>
    <Image Include="data\images\flags\af.bmp">
      <Filter>Resource Files</Filter>
    </Image>
    <Image Include="data\images\flags\ag.bmp">
      <Filter>Resource Files</Filter>
    </Image>
    <Image Include="data\images\flags\ai.bmp">
      <Filter>Resource Files</Filter>
    </Image>
    <Image Include="data\images\flags\al.bmp">
      <Filter>Resource Files</Filter>
    </Image>
    <Image Include="data\images\flags\am.bmp">
      <Filter>Resource Files</Filter>
    </Image>
    <Image Include="data\images\flags\ao.bmp">
      <Filter>Resource Files</Filter>
    </Image>
    <Image Include="data\images\flags\aq.bmp">
      <Filter>Resource Files</Filter>
    </Image>
    <Image Include="data\images\flags\ar.bmp">
      <Filter>Resource Files</Filter>
    </Image>
    <Image Include="data\images\flags\as.bmp">
      <Filter>Resource Files</Filter>
    </Image>
    <Image Include="data\images\flags\at.bmp">
      <Filter>Resource Files</Filter>
    </Image>
    <Image Include="data\images\flags\au.bmp">
      <Filter>Resource Files</Filter>
    </Image>
    <Image Include="data\images\flags\aw.bmp">
      <Filter>Resource Files</Filter>
    </Image>
    <Image Include="data\images\flags\ax.bmp">
      <Filter>Resource Files</Filter>
    </Image>
    <Image Include="data\images\flags\az.bmp">
      <Filter>Resource Files</Filter>
    </Image>
    <Image Include="data\images\flags\ba.bmp">
      <Filter>Resource Files</Filter>
    </Image>
    <Image Include="data\images\flags\bb.bmp">
      <Filter>Resource Files</Filter>
    </Image>
    <Image Include="data\images\flags\bd.bmp">
      <Filter>Resource Files</Filter>
    </Image>
    <Image Include="data\images\flags\be.bmp">
      <Filter>Resource Files</Filter>
    </Image>
    <Image Include="data\images\flags\bf.bmp">
      <Filter>Resource Files</Filter>
    </Image>
    <Image Include="data\images\flags\bg.bmp">
      <Filter>Resource Files</Filter>
    </Image>
    <Image Include="data\images\flags\bh.bmp">
      <Filter>Resource Files</Filter>
    </Image>
    <Image Include="data\images\flags\bi.bmp">
      <Filter>Resource Files</Filter>
    </Image>
    <Image Include="data\images\flags\bj.bmp">
      <Filter>Resource Files</Filter>
    </Image>
    <Image Include="data\images\flags\bl.bmp">
      <Filter>Resource Files</Filter>
    </Image>
    <Image Include="data\images\flags\bm.bmp">
      <Filter>Resource Files</Filter>
    </Image>
    <Image Include="data\images\flags\bn.bmp">
      <Filter>Resource Files</Filter>
    </Image>
    <Image Include="data\images\flags\bo.bmp">
      <Filter>Resource Files</Filter>
    </Image>
    <Image Include="data\images\flags\bq.bmp">
      <Filter>Resource Files</Filter>
    </Image>
    <Image Include="data\images\flags\br.bmp">
      <Filter>Resource Files</Filter>
    </Image>
    <Image Include="data\images\flags\bs.bmp">
      <Filter>Resource Files</Filter>
    </Image>
    <Image Include="data\images\flags\bt.bmp">
      <Filter>Resource Files</Filter>
    </Image>
    <Image Include="data\images\flags\bv.bmp">
      <Filter>Resource Files</Filter>
    </Image>
    <Image Include="data\images\flags\bw.bmp">
      <Filter>Resource Files</Filter>
    </Image>
    <Image Include="data\images\flags\by.bmp">
      <Filter>Resource Files</Filter>
    </Image>
    <Image Include="data\images\flags\bz.bmp">
      <Filter>Resource Files</Filter>
    </Image>
    <Image Include="data\images\flags\ca.bmp">
      <Filter>Resource Files</Filter>
    </Image>
    <Image Include="data\images\flags\cc.bmp">
      <Filter>Resource Files</Filter>
    </Image>
    <Image Include="data\images\flags\cd.bmp">
      <Filter>Resource Files</Filter>
    </Image>
    <Image Include="data\images\flags\cf.bmp">
      <Filter>Resource Files</Filter>
    </Image>
    <Image Include="data\images\flags\cg.bmp">
      <Filter>Resource Files</Filter>
    </Image>
    <Image Include="data\images\flags\ch.bmp">
      <Filter>Resource Files</Filter>
    </Image>
    <Image Include="data\images\flags\ci.bmp">
      <Filter>Resource Files</Filter>
    </Image>
    <Image Include="data\images\flags\ck.bmp">
      <Filter>Resource Files</Filter>
    </Image>
    <Image Include="data\images\flags\cl.bmp">
      <Filter>Resource Files</Filter>
    </Image>
    <Image Include="data\images\flags\cm.bmp">
      <Filter>Resource Files</Filter>
    </Image>
    <Image Include="data\images\flags\cn.bmp">
      <Filter>Resource Files</Filter>
    </Image>
    <Image Include="data\images\flags\co.bmp">
      <Filter>Resource Files</Filter>
    </Image>
    <Image Include="data\images\flags\cr.bmp">
      <Filter>Resource Files</Filter>
    </Image>
    <Image Include="data\images\flags\cu.bmp">
      <Filter>Resource Files</Filter>
    </Image>
    <Image Include="data\images\flags\cv.bmp">
      <Filter>Resource Files</Filter>
    </Image>
    <Image Include="data\images\flags\cw.bmp">
      <Filter>Resource Files</Filter>
    </Image>
    <Image Include="data\images\flags\cx.bmp">
      <Filter>Resource Files</Filter>
    </Image>
    <Image Include="data\images\flags\cy.bmp">
      <Filter>Resource Files</Filter>
    </Image>
    <Image Include="data\images\flags\cz.bmp">
      <Filter>Resource Files</Filter>
    </Image>
    <Image Include="data\images\flags\de.bmp">
      <Filter>Resource Files</Filter>
    </Image>
    <Image Include="data\images\flags\dj.bmp">
      <Filter>Resource Files</Filter>
    </Image>
    <Image Include="data\images\flags\dk.bmp">
      <Filter>Resource Files</Filter>
    </Image>
    <Image Include="data\images\flags\dm.bmp">
      <Filter>Resource Files</Filter>
    </Image>
    <Image Include="data\images\flags\do.bmp">
      <Filter>Resource Files</Filter>
    </Image>
    <Image Include="data\images\flags\dz.bmp">
      <Filter>Resource Files</Filter>
    </Image>
    <Image Include="data\images\flags\ec.bmp">
      <Filter>Resource Files</Filter>
    </Image>
    <Image Include="data\images\flags\ee.bmp">
      <Filter>Resource Files</Filter>
    </Image>
    <Image Include="data\images\flags\eg.bmp">
      <Filter>Resource Files</Filter>
    </Image>
    <Image Include="data\images\flags\eh.bmp">
      <Filter>Resource Files</Filter>
    </Image>
    <Image Include="data\images\flags\er.bmp">
      <Filter>Resource Files</Filter>
    </Image>
    <Image Include="data\images\flags\es.bmp">
      <Filter>Resource Files</Filter>
    </Image>
    <Image Include="data\images\flags\et.bmp">
      <Filter>Resource Files</Filter>
    </Image>
    <Image Include="data\images\flags\fi.bmp">
      <Filter>Resource Files</Filter>
    </Image>
    <Image Include="data\images\flags\fj.bmp">
      <Filter>Resource Files</Filter>
    </Image>
    <Image Include="data\images\flags\fk.bmp">
      <Filter>Resource Files</Filter>
    </Image>
    <Image Include="data\images\flags\fm.bmp">
      <Filter>Resource Files</Filter>
    </Image>
    <Image Include="data\images\flags\fo.bmp">
      <Filter>Resource Files</Filter>
    </Image>
    <Image Include="data\images\flags\fr.bmp">
      <Filter>Resource Files</Filter>
    </Image>
    <Image Include="data\images\flags\ga.bmp">
      <Filter>Resource Files</Filter>
    </Image>
    <Image Include="data\images\flags\gb.bmp">
      <Filter>Resource Files</Filter>
    </Image>
    <Image Include="data\images\flags\gb-eng.bmp">
      <Filter>Resource Files</Filter>
    </Image>
    <Image Include="data\images\flags\gb-nir.bmp">
      <Filter>Resource Files</Filter>
    </Image>
    <Image Include="data\images\flags\gb-sct.bmp">
      <Filter>Resource Files</Filter>
    </Image>
    <Image Include="data\images\flags\gb-wls.bmp">
      <Filter>Resource Files</Filter>
    </Image>
    <Image Include="data\images\flags\gd.bmp">
      <Filter>Resource Files</Filter>
    </Image>
    <Image Include="data\images\flags\ge.bmp">
      <Filter>Resource Files</Filter>
    </Image>
    <Image Include="data\images\flags\gf.bmp">
      <Filter>Resource Files</Filter>
    </Image>
    <Image Include="data\images\flags\gg.bmp">
      <Filter>Resource Files</Filter>
    </Image>
    <Image Include="data\images\flags\gh.bmp">
      <Filter>Resource Files</Filter>
    </Image>
    <Image Include="data\images\flags\gi.bmp">
      <Filter>Resource Files</Filter>
    </Image>
    <Image Include="data\images\flags\gl.bmp">
      <Filter>Resource Files</Filter>
    </Image>
    <Image Include="data\images\flags\gm.bmp">
      <Filter>Resource Files</Filter>
    </Image>
    <Image Include="data\images\flags\gn.bmp">
      <Filter>Resource Files</Filter>
    </Image>
    <Image Include="data\images\flags\gp.bmp">
      <Filter>Resource Files</Filter>
    </Image>
    <Image Include="data\images\flags\gq.bmp">
      <Filter>Resource Files</Filter>
    </Image>
    <Image Include="data\images\flags\gr.bmp">
      <Filter>Resource Files</Filter>
    </Image>
    <Image Include="data\images\flags\gs.bmp">
      <Filter>Resource Files</Filter>
    </Image>
    <Image Include="data\images\flags\gt.bmp">
      <Filter>Resource Files</Filter>
    </Image>
    <Image Include="data\images\flags\gu.bmp">
      <Filter>Resource Files</Filter>
    </Image>
    <Image Include="data\images\flags\gw.bmp">
      <Filter>Resource Files</Filter>
    </Image>
    <Image Include="data\images\flags\gy.bmp">
      <Filter>Resource Files</Filter>
    </Image>
    <Image Include="data\images\flags\hk.bmp">
      <Filter>Resource Files</Filter>
    </Image>
    <Image Include="data\images\flags\hm.bmp">
      <Filter>Resource Files</Filter>
    </Image>
    <Image Include="data\images\flags\hn.bmp">
      <Filter>Resource Files</Filter>
    </Image>
    <Image Include="data\images\flags\hr.bmp">
      <Filter>Resource Files</Filter>
    </Image>
    <Image Include="data\images\flags\ht.bmp">
      <Filter>Resource Files</Filter>
    </Image>
    <Image Include="data\images\flags\hu.bmp">
      <Filter>Resource Files</Filter>
    </Image>
    <Image Include="data\images\flags\id.bmp">
      <Filter>Resource Files</Filter>
    </Image>
    <Image Include="data\images\flags\ie.bmp">
      <Filter>Resource Files</Filter>
    </Image>
    <Image Include="data\images\flags\il.bmp">
      <Filter>Resource Files</Filter>
    </Image>
    <Image Include="data\images\flags\im.bmp">
      <Filter>Resource Files</Filter>
    </Image>
    <Image Include="data\images\flags\in.bmp">
      <Filter>Resource Files</Filter>
    </Image>
    <Image Include="data\images\flags\io.bmp">
      <Filter>Resource Files</Filter>
    </Image>
    <Image Include="data\images\flags\iq.bmp">
      <Filter>Resource Files</Filter>
    </Image>
    <Image Include="data\images\flags\ir.bmp">
      <Filter>Resource Files</Filter>
    </Image>
    <Image Include="data\images\flags\is.bmp">
      <Filter>Resource Files</Filter>
    </Image>
    <Image Include="data\images\flags\it.bmp">
      <Filter>Resource Files</Filter>
    </Image>
    <Image Include="data\images\flags\je.bmp">
      <Filter>Resource Files</Filter>
    </Image>
    <Image Include="data\images\flags\jm.bmp">
      <Filter>Resource Files</Filter>
    </Image>
    <Image Include="data\images\flags\jo.bmp">
      <Filter>Resource Files</Filter>
    </Image>
    <Image Include="data\images\flags\jp.bmp">
      <Filter>Resource Files</Filter>
    </Image>
    <Image Include="data\images\flags\ke.bmp">
      <Filter>Resource Files</Filter>
    </Image>
    <Image Include="data\images\flags\kg.bmp">
      <Filter>Resource Files</Filter>
    </Image>
    <Image Include="data\images\flags\kh.bmp">
      <Filter>Resource Files</Filter>
    </Image>
    <Image Include="data\images\flags\ki.bmp">
      <Filter>Resource Files</Filter>
    </Image>
    <Image Include="data\images\flags\km.bmp">
      <Filter>Resource Files</Filter>
    </Image>
    <Image Include="data\images\flags\kn.bmp">
      <Filter>Resource Files</Filter>
    </Image>
    <Image Include="data\images\flags\kp.bmp">
      <Filter>Resource Files</Filter>
    </Image>
    <Image Include="data\images\flags\kr.bmp">
      <Filter>Resource Files</Filter>
    </Image>
    <Image Include="data\images\flags\kw.bmp">
      <Filter>Resource Files</Filter>
    </Image>
    <Image Include="data\images\flags\ky.bmp">
      <Filter>Resource Files</Filter>
    </Image>
    <Image Include="data\images\flags\kz.bmp">
      <Filter>Resource Files</Filter>
    </Image>
    <Image Include="data\images\flags\la.bmp">
      <Filter>Resource Files</Filter>
    </Image>
    <Image Include="data\images\flags\lb.bmp">
      <Filter>Resource Files</Filter>
    </Image>
    <Image Include="data\images\flags\lc.bmp">
      <Filter>Resource Files</Filter>
    </Image>
    <Image Include="data\images\flags\li.bmp">
      <Filter>Resource Files</Filter>
    </Image>
    <Image Include="data\images\flags\lk.bmp">
      <Filter>Resource Files</Filter>
    </Image>
    <Image Include="data\images\flags\lr.bmp">
      <Filter>Resource Files</Filter>
    </Image>
    <Image Include="data\images\flags\ls.bmp">
      <Filter>Resource Files</Filter>
    </Image>
    <Image Include="data\images\flags\lt.bmp">
      <Filter>Resource Files</Filter>
    </Image>
    <Image Include="data\images\flags\lu.bmp">
      <Filter>Resource Files</Filter>
    </Image>
    <Image Include="data\images\flags\lv.bmp">
      <Filter>Resource Files</Filter>
    </Image>
    <Image Include="data\images\flags\ly.bmp">
      <Filter>Resource Files</Filter>
    </Image>
    <Image Include="data\images\flags\ma.bmp">
      <Filter>Resource Files</Filter>
    </Image>
    <Image Include="data\images\flags\mc.bmp">
      <Filter>Resource Files</Filter>
    </Image>
    <Image Include="data\images\flags\md.bmp">
      <Filter>Resource Files</Filter>
    </Image>
    <Image Include="data\images\flags\me.bmp">
      <Filter>Resource Files</Filter>
    </Image>
    <Image Include="data\images\flags\mf.bmp">
      <Filter>Resource Files</Filter>
    </Image>
    <Image Include="data\images\flags\mg.bmp">
      <Filter>Resource Files</Filter>
    </Image>
    <Image Include="data\images\flags\mh.bmp">
      <Filter>Resource Files</Filter>
    </Image>
    <Image Include="data\images\flags\mk.bmp">
      <Filter>Resource Files</Filter>
    </Image>
    <Image Include="data\images\flags\ml.bmp">
      <Filter>Resource Files</Filter>
    </Image>
    <Image Include="data\images\flags\mm.bmp">
      <Filter>Resource Files</Filter>
    </Image>
    <Image Include="data\images\flags\mn.bmp">
      <Filter>Resource Files</Filter>
    </Image>
    <Image Include="data\images\flags\mo.bmp">
      <Filter>Resource Files</Filter>
    </Image>
    <Image Include="data\images\flags\mp.bmp">
      <Filter>Resource Files</Filter>
    </Image>
    <Image Include="data\images\flags\mq.bmp">
      <Filter>Resource Files</Filter>
    </Image>
    <Image Include="data\images\flags\mr.bmp">
      <Filter>Resource Files</Filter>
    </Image>
    <Image Include="data\images\flags\ms.bmp">
      <Filter>Resource Files</Filter>
    </Image>
    <Image Include="data\images\flags\mt.bmp">
      <Filter>Resource Files</Filter>
    </Image>
    <Image Include="data\images\flags\mu.bmp">
      <Filter>Resource Files</Filter>
    </Image>
    <Image Include="data\images\flags\mv.bmp">
      <Filter>Resource Files</Filter>
    </Image>
    <Image Include="data\images\flags\mw.bmp">
      <Filter>Resource Files</Filter>
    </Image>
    <Image Include="data\images\flags\mx.bmp">
      <Filter>Resource Files</Filter>
    </Image>
    <Image Include="data\images\flags\my.bmp">
      <Filter>Resource Files</Filter>
    </Image>
    <Image Include="data\images\flags\mz.bmp">
      <Filter>Resource Files</Filter>
    </Image>
    <Image Include="data\images\flags\na.bmp">
      <Filter>Resource Files</Filter>
    </Image>
    <Image Include="data\images\flags\nc.bmp">
      <Filter>Resource Files</Filter>
    </Image>
    <Image Include="data\images\flags\ne.bmp">
      <Filter>Resource Files</Filter>
    </Image>
    <Image Include="data\images\flags\nf.bmp">
      <Filter>Resource Files</Filter>
    </Image>
    <Image Include="data\images\flags\ng.bmp">
      <Filter>Resource Files</Filter>
    </Image>
    <Image Include="data\images\flags\ni.bmp">
      <Filter>Resource Files</Filter>
    </Image>
    <Image Include="data\images\flags\nl.bmp">
      <Filter>Resource Files</Filter>
    </Image>
    <Image Include="data\images\flags\no.bmp">
      <Filter>Resource Files</Filter>
    </Image>
    <Image Include="data\images\flags\np.bmp">
      <Filter>Resource Files</Filter>
    </Image>
    <Image Include="data\images\flags\nr.bmp">
      <Filter>Resource Files</Filter>
    </Image>
    <Image Include="data\images\flags\nu.bmp">
      <Filter>Resource Files</Filter>
    </Image>
    <Image Include="data\images\flags\nz.bmp">
      <Filter>Resource Files</Filter>
    </Image>
    <Image Include="data\images\flags\om.bmp">
      <Filter>Resource Files</Filter>
    </Image>
    <Image Include="data\images\flags\pa.bmp">
      <Filter>Resource Files</Filter>
    </Image>
    <Image Include="data\images\flags\pe.bmp">
      <Filter>Resource Files</Filter>
    </Image>
    <Image Include="data\images\flags\pf.bmp">
      <Filter>Resource Files</Filter>
    </Image>
    <Image Include="data\images\flags\pg.bmp">
      <Filter>Resource Files</Filter>
    </Image>
    <Image Include="data\images\flags\ph.bmp">
      <Filter>Resource Files</Filter>
    </Image>
    <Image Include="data\images\flags\pk.bmp">
      <Filter>Resource Files</Filter>
    </Image>
    <Image Include="data\images\flags\pl.bmp">
      <Filter>Resource Files</Filter>
    </Image>
    <Image Include="data\images\flags\pm.bmp">
      <Filter>Resource Files</Filter>
    </Image>
    <Image Include="data\images\flags\pn.bmp">
      <Filter>Resource Files</Filter>
    </Image>
    <Image Include="data\images\flags\pr.bmp">
      <Filter>Resource Files</Filter>
    </Image>
    <Image Include="data\images\flags\ps.bmp">
      <Filter>Resource Files</Filter>
    </Image>
    <Image Include="data\images\flags\pt.bmp">
      <Filter>Resource Files</Filter>
    </Image>
    <Image Include="data\images\flags\pw.bmp">
      <Filter>Resource Files</Filter>
    </Image>
    <Image Include="data\images\flags\py.bmp">
      <Filter>Resource Files</Filter>
    </Image>
    <Image Include="data\images\flags\qa.bmp">
      <Filter>Resource Files</Filter>
    </Image>
    <Image Include="data\images\flags\re.bmp">
      <Filter>Resource Files</Filter>
    </Image>
    <Image Include="data\images\flags\ro.bmp">
      <Filter>Resource Files</Filter>
    </Image>
    <Image Include="data\images\flags\rs.bmp">
      <Filter>Resource Files</Filter>
    </Image>
    <Image Include="data\images\flags\ru.bmp">
      <Filter>Resource Files</Filter>
    </Image>
    <Image Include="data\images\flags\rw.bmp">
      <Filter>Resource Files</Filter>
    </Image>
    <Image Include="data\images\flags\sa.bmp">
      <Filter>Resource Files</Filter>
    </Image>
    <Image Include="data\images\flags\sb.bmp">
      <Filter>Resource Files</Filter>
    </Image>
    <Image Include="data\images\flags\sc.bmp">
      <Filter>Resource Files</Filter>
    </Image>
    <Image Include="data\images\flags\sd.bmp">
      <Filter>Resource Files</Filter>
    </Image>
    <Image Include="data\images\flags\se.bmp">
      <Filter>Resource Files</Filter>
    </Image>
    <Image Include="data\images\flags\sg.bmp">
      <Filter>Resource Files</Filter>
    </Image>
    <Image Include="data\images\flags\sh.bmp">
      <Filter>Resource Files</Filter>
    </Image>
    <Image Include="data\images\flags\si.bmp">
      <Filter>Resource Files</Filter>
    </Image>
    <Image Include="data\images\flags\sj.bmp">
      <Filter>Resource Files</Filter>
    </Image>
    <Image Include="data\images\flags\sk.bmp">
      <Filter>Resource Files</Filter>
    </Image>
    <Image Include="data\images\flags\sl.bmp">
      <Filter>Resource Files</Filter>
    </Image>
    <Image Include="data\images\flags\sm.bmp">
      <Filter>Resource Files</Filter>
    </Image>
    <Image Include="data\images\flags\sn.bmp">
      <Filter>Resource Files</Filter>
    </Image>
    <Image Include="data\images\flags\so.bmp">
      <Filter>Resource Files</Filter>
    </Image>
    <Image Include="data\images\flags\sr.bmp">
      <Filter>Resource Files</Filter>
    </Image>
    <Image Include="data\images\flags\ss.bmp">
      <Filter>Resource Files</Filter>
    </Image>
    <Image Include="data\images\flags\st.bmp">
      <Filter>Resource Files</Filter>
    </Image>
    <Image Include="data\images\flags\sv.bmp">
      <Filter>Resource Files</Filter>
    </Image>
    <Image Include="data\images\flags\sx.bmp">
      <Filter>Resource Files</Filter>
    </Image>
    <Image Include="data\images\flags\sy.bmp">
      <Filter>Resource Files</Filter>
    </Image>
    <Image Include="data\images\flags\sz.bmp">
      <Filter>Resource Files</Filter>
    </Image>
    <Image Include="data\images\flags\tc.bmp">
      <Filter>Resource Files</Filter>
    </Image>
    <Image Include="data\images\flags\td.bmp">
      <Filter>Resource Files</Filter>
    </Image>
    <Image Include="data\images\flags\tf.bmp">
      <Filter>Resource Files</Filter>
    </Image>
    <Image Include="data\images\flags\tg.bmp">
      <Filter>Resource Files</Filter>
    </Image>
    <Image Include="data\images\flags\th.bmp">
      <Filter>Resource Files</Filter>
    </Image>
    <Image Include="data\images\flags\tj.bmp">
      <Filter>Resource Files</Filter>
    </Image>
    <Image Include="data\images\flags\tk.bmp">
      <Filter>Resource Files</Filter>
    </Image>
    <Image Include="data\images\flags\tl.bmp">
      <Filter>Resource Files</Filter>
    </Image>
    <Image Include="data\images\flags\tm.bmp">
      <Filter>Resource Files</Filter>
    </Image>
    <Image Include="data\images\flags\tn.bmp">
      <Filter>Resource Files</Filter>
    </Image>
    <Image Include="data\images\flags\to.bmp">
      <Filter>Resource Files</Filter>
    </Image>
    <Image Include="data\images\flags\tr.bmp">
      <Filter>Resource Files</Filter>
    </Image>
    <Image Include="data\images\flags\tt.bmp">
      <Filter>Resource Files</Filter>
    </Image>
    <Image Include="data\images\flags\tv.bmp">
      <Filter>Resource Files</Filter>
    </Image>
    <Image Include="data\images\flags\tw.bmp">
      <Filter>Resource Files</Filter>
    </Image>
    <Image Include="data\images\flags\tz.bmp">
      <Filter>Resource Files</Filter>
    </Image>
    <Image Include="data\images\flags\ua.bmp">
      <Filter>Resource Files</Filter>
    </Image>
    <Image Include="data\images\flags\ug.bmp">
      <Filter>Resource Files</Filter>
    </Image>
    <Image Include="data\images\flags\um.bmp">
      <Filter>Resource Files</Filter>
    </Image>
    <Image Include="data\images\flags\us.bmp">
      <Filter>Resource Files</Filter>
    </Image>
    <Image Include="data\images\flags\uy.bmp">
      <Filter>Resource Files</Filter>
    </Image>
    <Image Include="data\images\flags\uz.bmp">
      <Filter>Resource Files</Filter>
    </Image>
    <Image Include="data\images\flags\va.bmp">
      <Filter>Resource Files</Filter>
    </Image>
    <Image Include="data\images\flags\vc.bmp">
      <Filter>Resource Files</Filter>
    </Image>
    <Image Include="data\images\flags\ve.bmp">
      <Filter>Resource Files</Filter>
    </Image>
    <Image Include="data\images\flags\vg.bmp">
      <Filter>Resource Files</Filter>
    </Image>
    <Image Include="data\images\flags\vi.bmp">
      <Filter>Resource Files</Filter>
    </Image>
    <Image Include="data\images\flags\vn.bmp">
      <Filter>Resource Files</Filter>
    </Image>
    <Image Include="data\images\flags\vu.bmp">
      <Filter>Resource Files</Filter>
    </Image>
    <Image Include="data\images\flags\wf.bmp">
      <Filter>Resource Files</Filter>
    </Image>
    <Image Include="data\images\flags\ws.bmp">
      <Filter>Resource Files</Filter>
    </Image>
    <Image Include="data\images\flags\xk.bmp">
      <Filter>Resource Files</Filter>
    </Image>
    <Image Include="data\images\flags\ye.bmp">
      <Filter>Resource Files</Filter>
    </Image>
    <Image Include="data\images\flags\yt.bmp">
      <Filter>Resource Files</Filter>
    </Image>
    <Image Include="data\images\flags\za.bmp">
      <Filter>Resource Files</Filter>
    </Image>
    <Image Include="data\images\flags\zm.bmp">
      <Filter>Resource Files</Filter>
    </Image>
    <Image Include="data\images\flags\zw.bmp">
      <Filter>Resource Files</Filter>
    </Image>
  </ItemGroup>
</Project>