<?xml version="1.0" encoding="utf-8"?>
<Project ToolsVersion="4.0" xmlns="http://schemas.microsoft.com/developer/msbuild/2003">
  <ItemGroup>
    <Filter Include="Source Files">
      <UniqueIdentifier>{4FC737F1-C7A5-4376-A066-2A32D752A2FF}</UniqueIdentifier>
      <Extensions>cpp;c;cc;cxx;c++;cppm;ixx;def;odl;idl;hpj;bat;asm;asmx</Extensions>
    </Filter>
    <Filter Include="Header Files">
      <UniqueIdentifier>{93995380-89BD-4b04-88EB-625FBE52EBFB}</UniqueIdentifier>
      <Extensions>h;hh;hpp;hxx;h++;hm;inl;inc;ipp;xsd</Extensions>
    </Filter>
    <Filter Include="Resource Files">
      <UniqueIdentifier>{67DA6AB6-F800-4c08-8B7A-83BB121AAD01}</UniqueIdentifier>
      <Extensions>rc;ico;cur;bmp;dlg;rc2;rct;bin;rgs;gif;jpg;jpeg;jpe;resx;tiff;tif;png;wav;mfcribbon-ms</Extensions>
    </Filter>
  </ItemGroup>
  <ItemGroup>
    <None Include=".cmake-format.yaml" />
    <None Include="LICENSE" />
    <None Include="README.md" />
    <None Include="packages.config" />
    <None Include=".clang-tidy" />
    <None Include=".clang-format" />
  </ItemGroup>
  <ItemGroup>
    <Text Include="CMakeLists.txt" />
  </ItemGroup>
  <ItemGroup>
    <ClInclude Include="targetver.h">
      <Filter>Header Files</Filter>
    </ClInclude>
    <ClInclude Include="resource.h">
      <Filter>Header Files</Filter>
    </ClInclude>
    <ClInclude Include="include\detail\stl_helper_functions_impl.hpp">
      <Filter>Header Files</Filter>
    </ClInclude>
    <ClInclude Include="include\nlohmann\detail\conversions\from_json.hpp">
      <Filter>Header Files</Filter>
    </ClInclude>
    <ClInclude Include="include\nlohmann\detail\conversions\to_chars.hpp">
      <Filter>Header Files</Filter>
    </ClInclude>
    <ClInclude Include="include\nlohmann\detail\conversions\to_json.hpp">
      <Filter>Header Files</Filter>
    </ClInclude>
    <ClInclude Include="include\nlohmann\detail\input\binary_reader.hpp">
      <Filter>Header Files</Filter>
    </ClInclude>
    <ClInclude Include="include\nlohmann\detail\input\input_adapters.hpp">
      <Filter>Header Files</Filter>
    </ClInclude>
    <ClInclude Include="include\nlohmann\detail\input\json_sax.hpp">
      <Filter>Header Files</Filter>
    </ClInclude>
    <ClInclude Include="include\nlohmann\detail\input\lexer.hpp">
      <Filter>Header Files</Filter>
    </ClInclude>
    <ClInclude Include="include\nlohmann\detail\input\parser.hpp">
      <Filter>Header Files</Filter>
    </ClInclude>
    <ClInclude Include="include\nlohmann\detail\input\position_t.hpp">
      <Filter>Header Files</Filter>
    </ClInclude>
    <ClInclude Include="include\nlohmann\detail\iterators\internal_iterator.hpp">
      <Filter>Header Files</Filter>
    </ClInclude>
    <ClInclude Include="include\nlohmann\detail\iterators\iter_impl.hpp">
      <Filter>Header Files</Filter>
    </ClInclude>
    <ClInclude Include="include\nlohmann\detail\iterators\iteration_proxy.hpp">
      <Filter>Header Files</Filter>
    </ClInclude>
    <ClInclude Include="include\nlohmann\detail\iterators\iterator_traits.hpp">
      <Filter>Header Files</Filter>
    </ClInclude>
    <ClInclude Include="include\nlohmann\detail\iterators\json_reverse_iterator.hpp">
      <Filter>Header Files</Filter>
    </ClInclude>
    <ClInclude Include="include\nlohmann\detail\iterators\primitive_iterator.hpp">
      <Filter>Header Files</Filter>
    </ClInclude>
    <ClInclude Include="include\nlohmann\detail\meta\call_std\begin.hpp">
      <Filter>Header Files</Filter>
    </ClInclude>
    <ClInclude Include="include\nlohmann\detail\meta\call_std\end.hpp">
      <Filter>Header Files</Filter>
    </ClInclude>
    <ClInclude Include="include\nlohmann\detail\meta\cpp_future.hpp">
      <Filter>Header Files</Filter>
    </ClInclude>
    <ClInclude Include="include\nlohmann\detail\meta\detected.hpp">
      <Filter>Header Files</Filter>
    </ClInclude>
    <ClInclude Include="include\nlohmann\detail\meta\identity_tag.hpp">
      <Filter>Header Files</Filter>
    </ClInclude>
    <ClInclude Include="include\nlohmann\detail\meta\is_sax.hpp">
      <Filter>Header Files</Filter>
    </ClInclude>
    <ClInclude Include="include\nlohmann\detail\meta\std_fs.hpp">
      <Filter>Header Files</Filter>
    </ClInclude>
    <ClInclude Include="include\nlohmann\detail\meta\type_traits.hpp">
      <Filter>Header Files</Filter>
    </ClInclude>
    <ClInclude Include="include\nlohmann\detail\meta\void_t.hpp">
      <Filter>Header Files</Filter>
    </ClInclude>
    <ClInclude Include="include\nlohmann\detail\output\binary_writer.hpp">
      <Filter>Header Files</Filter>
    </ClInclude>
    <ClInclude Include="include\nlohmann\detail\output\output_adapters.hpp">
      <Filter>Header Files</Filter>
    </ClInclude>
    <ClInclude Include="include\nlohmann\detail\output\serializer.hpp">
      <Filter>Header Files</Filter>
    </ClInclude>
    <ClInclude Include="include\nlohmann\detail\abi_macros.hpp">
      <Filter>Header Files</Filter>
    </ClInclude>
    <ClInclude Include="include\nlohmann\detail\exceptions.hpp">
      <Filter>Header Files</Filter>
    </ClInclude>
    <ClInclude Include="include\nlohmann\detail\hash.hpp">
      <Filter>Header Files</Filter>
    </ClInclude>
    <ClInclude Include="include\nlohmann\detail\json_custom_base_class.hpp">
      <Filter>Header Files</Filter>
    </ClInclude>
    <ClInclude Include="include\nlohmann\detail\json_pointer.hpp">
      <Filter>Header Files</Filter>
    </ClInclude>
    <ClInclude Include="include\nlohmann\detail\json_ref.hpp">
      <Filter>Header Files</Filter>
    </ClInclude>
    <ClInclude Include="include\nlohmann\detail\macro_scope.hpp">
      <Filter>Header Files</Filter>
    </ClInclude>
    <ClInclude Include="include\nlohmann\detail\macro_unscope.hpp">
      <Filter>Header Files</Filter>
    </ClInclude>
    <ClInclude Include="include\nlohmann\detail\string_concat.hpp">
      <Filter>Header Files</Filter>
    </ClInclude>
    <ClInclude Include="include\nlohmann\detail\string_escape.hpp">
      <Filter>Header Files</Filter>
    </ClInclude>
    <ClInclude Include="include\nlohmann\detail\value_t.hpp">
      <Filter>Header Files</Filter>
    </ClInclude>
    <ClInclude Include="include\nlohmann\thirdparty\hedley\hedley.hpp">
      <Filter>Header Files</Filter>
    </ClInclude>
    <ClInclude Include="include\nlohmann\thirdparty\hedley\hedley_undef.hpp">
      <Filter>Header Files</Filter>
    </ClInclude>
    <ClInclude Include="include\nlohmann\adl_serializer.hpp">
      <Filter>Header Files</Filter>
    </ClInclude>
    <ClInclude Include="include\nlohmann\byte_container_with_subtype.hpp">
      <Filter>Header Files</Filter>
    </ClInclude>
    <ClInclude Include="include\nlohmann\json.hpp">
      <Filter>Header Files</Filter>
    </ClInclude>
    <ClInclude Include="include\nlohmann\json_fwd.hpp">
      <Filter>Header Files</Filter>
    </ClInclude>
    <ClInclude Include="include\nlohmann\ordered_map.hpp">
      <Filter>Header Files</Filter>
    </ClInclude>
    <ClInclude Include="include\autoupdate.h">
      <Filter>Header Files</Filter>
    </ClInclude>
    <ClInclude Include="include\bitmap_image_handler.h">
      <Filter>Header Files</Filter>
    </ClInclude>
    <ClInclude Include="include\connection_manager.h">
      <Filter>Header Files</Filter>
    </ClInclude>
    <ClInclude Include="include\connection_manager_for_messages.h">
      <Filter>Header Files</Filter>
    </ClInclude>
    <ClInclude Include="include\framework.h">
      <Filter>Header Files</Filter>
    </ClInclude>
    <ClInclude Include="include\game_server.h">
      <Filter>Header Files</Filter>
    </ClInclude>
    <ClInclude Include="include\internet_handle.h">
      <Filter>Header Files</Filter>
    </ClInclude>
    <ClInclude Include="include\md5.h">
      <Filter>Header Files</Filter>
    </ClInclude>
    <ClInclude Include="include\player.h">
      <Filter>Header Files</Filter>
    </ClInclude>
    <ClInclude Include="include\resource.h">
      <Filter>Header Files</Filter>
    </ClInclude>
    <ClInclude Include="include\simple_grid.h">
      <Filter>Header Files</Filter>
    </ClInclude>
    <ClInclude Include="include\stack_trace_element.h">
      <Filter>Header Files</Filter>
    </ClInclude>
    <ClInclude Include="include\stl_helper_functions.hpp">
      <Filter>Header Files</Filter>
    </ClInclude>
    <ClInclude Include="include\tiny_rcon_client_application.h">
      <Filter>Header Files</Filter>
    </ClInclude>
    <ClInclude Include="include\tiny_rcon_client_user.h">
      <Filter>Header Files</Filter>
    </ClInclude>
    <ClInclude Include="include\tiny_rcon_utility_classes.h">
      <Filter>Header Files</Filter>
    </ClInclude>
    <ClInclude Include="include\tiny_rcon_utility_functions.h">
      <Filter>Header Files</Filter>
    </ClInclude>
  </ItemGroup>
  <ItemGroup>
    <ResourceCompile Include="TinyRconPrivateClient.rc">
      <Filter>Resource Files</Filter>
    </ResourceCompile>
  </ItemGroup>
  <ItemGroup>
    <ClCompile Include="src\autoupdate.cpp">
      <Filter>Source Files</Filter>
    </ClCompile>
    <ClCompile Include="src\connection_manager.cpp">
      <Filter>Source Files</Filter>
    </ClCompile>
    <ClCompile Include="src\connection_manager_for_messages.cpp">
      <Filter>Source Files</Filter>
    </ClCompile>
    <ClCompile Include="src\md5.cpp">
      <Filter>Source Files</Filter>
    </ClCompile>
    <ClCompile Include="src\simple_grid.cpp">
      <Filter>Source Files</Filter>
    </ClCompile>
    <ClCompile Include="src\tiny_rcon_client.cpp">
      <Filter>Source Files</Filter>
    </ClCompile>
    <ClCompile Include="src\tiny_rcon_utility_functions.cpp">
      <Filter>Source Files</Filter>
    </ClCompile>
  </ItemGroup>
</Project>